
Microsoft Visual Studio Solution File, Format Version 11.00
# Visual Studio 2010
Project("{FAE04EC0-301F-11D3-BF4B-00C04F79EFBC}") = "QuickMenu", "QuickMenu\QuickMenu.csproj", "{CF91E58B-5137-413E-B528-00D446D58639}"
EndProject
Global
	GlobalSection(SolutionConfigurationPlatforms) = preSolution
		Debug|Any CPU = Debug|Any CPU
		Release|Any CPU = Release|Any CPU
	EndGlobalSection
	GlobalSection(ProjectConfigurationPlatforms) = postSolution
		{CF91E58B-5137-413E-B528-00D446D58639}.Debug|Any CPU.ActiveCfg = Debug|Any CPU
		{CF91E58B-5137-413E-B528-00D446D58639}.Debug|Any CPU.Build.0 = Debug|Any CPU
		{CF91E58B-5137-413E-B528-00D446D58639}.Debug|Any CPU.Deploy.0 = Debug|Any CPU
		{CF91E58B-5137-413E-B528-00D446D58639}.Release|Any CPU.ActiveCfg = Release|Any CPU
		{CF91E58B-5137-413E-B528-00D446D58639}.Release|Any CPU.Build.0 = Release|Any CPU
		{CF91E58B-5137-413E-B528-00D446D58639}.Release|Any CPU.Deploy.0 = Release|Any CPU
	EndGlobalSection
	GlobalSection(SolutionProperties) = preSolution
		HideSolutionNode = FALSE
	EndGlobalSection
EndGlobal
